
Microsoft Visual Studio Solution File, Format Version 12.00
# Visual Studio Version 17
VisualStudioVersion = 17.11.35327.3
MinimumVisualStudioVersion = 10.0.40219.1
Project("{FAE04EC0-301F-11D3-BF4B-00C04F79EFBC}") = "Domashkaa", "Domashkaa.csproj", "{65BF936F-B1B2-44C3-88AF-79C7CFFA1896}"
EndProject
Global
	GlobalSection(SolutionConfigurationPlatforms) = preSolution
		Debug|Any CPU = Debug|Any CPU
		Release|Any CPU = Release|Any CPU
	EndGlobalSection
	GlobalSection(ProjectConfigurationPlatforms) = postSolution
		{65BF936F-B1B2-44C3-88AF-79C7CFFA1896}.Debug|Any CPU.ActiveCfg = Debug|Any CPU
		{65BF936F-B1B2-44C3-88AF-79C7CFFA1896}.Debug|Any CPU.Build.0 = Debug|Any CPU
		{65BF936F-B1B2-44C3-88AF-79C7CFFA1896}.Release|Any CPU.ActiveCfg = Release|Any CPU
		{65BF936F-B1B2-44C3-88AF-79C7CFFA1896}.Release|Any CPU.Build.0 = Release|Any CPU
	EndGlobalSection
	GlobalSection(SolutionProperties) = preSolution
		HideSolutionNode = FALSE
	EndGlobalSection
	GlobalSection(ExtensibilityGlobals) = postSolution
		SolutionGuid = {6253AC12-E147-49FF-9CB9-3AD4B204C29D}
	EndGlobalSection
EndGlobal
