
Microsoft Visual Studio Solution File, Format Version 12.00
# Visual Studio Version 17
VisualStudioVersion = 17.13.35818.85 d17.13
MinimumVisualStudioVersion = 10.0.40219.1
Project("{FAE04EC0-301F-11D3-BF4B-00C04F79EFBC}") = "zadanie1", "zadanie1.csproj", "{46A220F1-DCD9-435C-8057-33765AA06418}"
EndProject
Global
	GlobalSection(SolutionConfigurationPlatforms) = preSolution
		Debug|Any CPU = Debug|Any CPU
		Release|Any CPU = Release|Any CPU
	EndGlobalSection
	GlobalSection(ProjectConfigurationPlatforms) = postSolution
		{46A220F1-DCD9-435C-8057-33765AA06418}.Debug|Any CPU.ActiveCfg = Debug|Any CPU
		{46A220F1-DCD9-435C-8057-33765AA06418}.Debug|Any CPU.Build.0 = Debug|Any CPU
		{46A220F1-DCD9-435C-8057-33765AA06418}.Release|Any CPU.ActiveCfg = Release|Any CPU
		{46A220F1-DCD9-435C-8057-33765AA06418}.Release|Any CPU.Build.0 = Release|Any CPU
	EndGlobalSection
	GlobalSection(SolutionProperties) = preSolution
		HideSolutionNode = FALSE
	EndGlobalSection
	GlobalSection(ExtensibilityGlobals) = postSolution
		SolutionGuid = {526863F1-2553-45F7-8C69-CDFE607986E4}
	EndGlobalSection
EndGlobal
