
Microsoft Visual Studio Solution File, Format Version 12.00
# Visual Studio Version 17
VisualStudioVersion = 17.13.35818.85 d17.13
MinimumVisualStudioVersion = 10.0.40219.1
Project("{FAE04EC0-301F-11D3-BF4B-00C04F79EFBC}") = "Var1 LR3", "Var1 LR3\Var1 LR3.csproj", "{A1914FFB-1706-4474-B07A-E1E4C4360E5A}"
EndProject
Global
	GlobalSection(SolutionConfigurationPlatforms) = preSolution
		Debug|Any CPU = Debug|Any CPU
		Release|Any CPU = Release|Any CPU
	EndGlobalSection
	GlobalSection(ProjectConfigurationPlatforms) = postSolution
		{A1914FFB-1706-4474-B07A-E1E4C4360E5A}.Debug|Any CPU.ActiveCfg = Debug|Any CPU
		{A1914FFB-1706-4474-B07A-E1E4C4360E5A}.Debug|Any CPU.Build.0 = Debug|Any CPU
		{A1914FFB-1706-4474-B07A-E1E4C4360E5A}.Release|Any CPU.ActiveCfg = Release|Any CPU
		{A1914FFB-1706-4474-B07A-E1E4C4360E5A}.Release|Any CPU.Build.0 = Release|Any CPU
	EndGlobalSection
	GlobalSection(SolutionProperties) = preSolution
		HideSolutionNode = FALSE
	EndGlobalSection
	GlobalSection(ExtensibilityGlobals) = postSolution
		SolutionGuid = {ECFF1B62-1D8C-46EB-9E76-1213BE267B05}
	EndGlobalSection
EndGlobal
